// !$*UTF8*$!
{
	archiveVersion = 1;
	classes = {
	};
	objectVersion = 77;
	objects = {

/* Begin PBXBuildFile section */
		5808552E2CBA2AEE00669A66 /* FirebaseAuth in Frameworks */ = {isa = PBXBuildFile; productRef = 5808552D2CBA2AEE00669A66 /* FirebaseAuth */; };
		580855302CBA2AF300669A66 /* FirebaseCore in Frameworks */ = {isa = PBXBuildFile; productRef = 5808552F2CBA2AF300669A66 /* FirebaseCore */; };
		580855322CBA2AFA00669A66 /* FirebaseFirestore in Frameworks */ = {isa = PBXBuildFile; productRef = 580855312CBA2AFA00669A66 /* FirebaseFirestore */; };
		580855342CBA2B2900669A66 /* FirebaseAnalytics in Frameworks */ = {isa = PBXBuildFile; productRef = 580855332CBA2B2900669A66 /* FirebaseAnalytics */; };
		580855362CBA2B4900669A66 /* FirebaseDatabase in Frameworks */ = {isa = PBXBuildFile; productRef = 580855352CBA2B4900669A66 /* FirebaseDatabase */; };
		580855382CBA2B4900669A66 /* FirebaseDynamicLinks in Frameworks */ = {isa = PBXBuildFile; productRef = 580855372CBA2B4900669A66 /* FirebaseDynamicLinks */; };
		580855462CBA8C0900669A66 /* SDWebImageSwiftUI in Frameworks */ = {isa = PBXBuildFile; productRef = 580855452CBA8C0900669A66 /* SDWebImageSwiftUI */; };
		5868927B2CBA98BF009439F5 /* FirebaseMessaging in Frameworks */ = {isa = PBXBuildFile; productRef = 5868927A2CBA98BF009439F5 /* FirebaseMessaging */; };
		586892CF2CBB2EAB009439F5 /* FirebaseStorage in Frameworks */ = {isa = PBXBuildFile; productRef = 586892CE2CBB2EAB009439F5 /* FirebaseStorage */; };
/* End PBXBuildFile section */

/* Begin PBXContainerItemProxy section */
		580854BC2CB9FA3D00669A66 /* PBXContainerItemProxy */ = {
			isa = PBXContainerItemProxy;
			containerPortal = 580854A32CB9FA3B00669A66 /* Project object */;
			proxyType = 1;
			remoteGlobalIDString = 580854AA2CB9FA3B00669A66;
			remoteInfo = Fnzc;
		};
		580854C62CB9FA3D00669A66 /* PBXContainerItemProxy */ = {
			isa = PBXContainerItemProxy;
			containerPortal = 580854A32CB9FA3B00669A66 /* Project object */;
			proxyType = 1;
			remoteGlobalIDString = 580854AA2CB9FA3B00669A66;
			remoteInfo = Fnzc;
		};
/* End PBXContainerItemProxy section */

/* Begin PBXFileReference section */
		580854AB2CB9FA3B00669A66 /* Fnzc.app */ = {isa = PBXFileReference; explicitFileType = wrapper.application; includeInIndex = 0; path = Fnzc.app; sourceTree = BUILT_PRODUCTS_DIR; };
		580854BB2CB9FA3D00669A66 /* FnzcTests.xctest */ = {isa = PBXFileReference; explicitFileType = wrapper.cfbundle; includeInIndex = 0; path = FnzcTests.xctest; sourceTree = BUILT_PRODUCTS_DIR; };
		580854C52CB9FA3D00669A66 /* FnzcUITests.xctest */ = {isa = PBXFileReference; explicitFileType = wrapper.cfbundle; includeInIndex = 0; path = FnzcUITests.xctest; sourceTree = BUILT_PRODUCTS_DIR; };
/* End PBXFileReference section */

/* Begin PBXFileSystemSynchronizedRootGroup section */
		580854AD2CB9FA3B00669A66 /* Fnzc */ = {
			isa = PBXFileSystemSynchronizedRootGroup;
			path = Fnzc;
			sourceTree = "<group>";
		};
		580854BE2CB9FA3D00669A66 /* FnzcTests */ = {
			isa = PBXFileSystemSynchronizedRootGroup;
			path = FnzcTests;
			sourceTree = "<group>";
		};
		580854C82CB9FA3D00669A66 /* FnzcUITests */ = {
			isa = PBXFileSystemSynchronizedRootGroup;
			path = FnzcUITests;
			sourceTree = "<group>";
		};
/* End PBXFileSystemSynchronizedRootGroup section */

/* Begin PBXFrameworksBuildPhase section */
		580854A82CB9FA3B00669A66 /* Frameworks */ = {
			isa = PBXFrameworksBuildPhase;
			buildActionMask = 2147483647;
			files = (
				5868927B2CBA98BF009439F5 /* FirebaseMessaging in Frameworks */,
				580855462CBA8C0900669A66 /* SDWebImageSwiftUI in Frameworks */,
				586892CF2CBB2EAB009439F5 /* FirebaseStorage in Frameworks */,
				580855362CBA2B4900669A66 /* FirebaseDatabase in Frameworks */,
				580855302CBA2AF300669A66 /* FirebaseCore in Frameworks */,
				5808552E2CBA2AEE00669A66 /* FirebaseAuth in Frameworks */,
				580855342CBA2B2900669A66 /* FirebaseAnalytics in Frameworks */,
				580855322CBA2AFA00669A66 /* FirebaseFirestore in Frameworks */,
				580855382CBA2B4900669A66 /* FirebaseDynamicLinks in Frameworks */,
			);
			runOnlyForDeploymentPostprocessing = 0;
		};
		580854B82CB9FA3D00669A66 /* Frameworks */ = {
			isa = PBXFrameworksBuildPhase;
			buildActionMask = 2147483647;
			files = (
			);
			runOnlyForDeploymentPostprocessing = 0;
		};
		580854C22CB9FA3D00669A66 /* Frameworks */ = {
			isa = PBXFrameworksBuildPhase;
			buildActionMask = 2147483647;
			files = (
			);
			runOnlyForDeploymentPostprocessing = 0;
		};
/* End PBXFrameworksBuildPhase section */

/* Begin PBXGroup section */
		580854A22CB9FA3B00669A66 = {
			isa = PBXGroup;
			children = (
				580854AD2CB9FA3B00669A66 /* Fnzc */,
				580854BE2CB9FA3D00669A66 /* FnzcTests */,
				580854C82CB9FA3D00669A66 /* FnzcUITests */,
				5808552C2CBA2AEE00669A66 /* Frameworks */,
				580854AC2CB9FA3B00669A66 /* Products */,
			);
			sourceTree = "<group>";
		};
		580854AC2CB9FA3B00669A66 /* Products */ = {
			isa = PBXGroup;
			children = (
				580854AB2CB9FA3B00669A66 /* Fnzc.app */,
				580854BB2CB9FA3D00669A66 /* FnzcTests.xctest */,
				580854C52CB9FA3D00669A66 /* FnzcUITests.xctest */,
			);
			name = Products;
			sourceTree = "<group>";
		};
		5808552C2CBA2AEE00669A66 /* Frameworks */ = {
			isa = PBXGroup;
			children = (
			);
			name = Frameworks;
			sourceTree = "<group>";
		};
/* End PBXGroup section */

/* Begin PBXNativeTarget section */
		580854AA2CB9FA3B00669A66 /* Fnzc */ = {
			isa = PBXNativeTarget;
			buildConfigurationList = 580854CF2CB9FA3D00669A66 /* Build configuration list for PBXNativeTarget "Fnzc" */;
			buildPhases = (
				580854A72CB9FA3B00669A66 /* Sources */,
				580854A82CB9FA3B00669A66 /* Frameworks */,
				580854A92CB9FA3B00669A66 /* Resources */,
			);
			buildRules = (
			);
			dependencies = (
			);
			fileSystemSynchronizedGroups = (
				580854AD2CB9FA3B00669A66 /* Fnzc */,
			);
			name = Fnzc;
			packageProductDependencies = (
				5808552D2CBA2AEE00669A66 /* FirebaseAuth */,
				5808552F2CBA2AF300669A66 /* FirebaseCore */,
				580855312CBA2AFA00669A66 /* FirebaseFirestore */,
				580855332CBA2B2900669A66 /* FirebaseAnalytics */,
				580855352CBA2B4900669A66 /* FirebaseDatabase */,
				580855372CBA2B4900669A66 /* FirebaseDynamicLinks */,
				580855452CBA8C0900669A66 /* SDWebImageSwiftUI */,
				5868927A2CBA98BF009439F5 /* FirebaseMessaging */,
				586892CE2CBB2EAB009439F5 /* FirebaseStorage */,
			);
			productName = Fnzc;
			productReference = 580854AB2CB9FA3B00669A66 /* Fnzc.app */;
			productType = "com.apple.product-type.application";
		};
		580854BA2CB9FA3D00669A66 /* FnzcTests */ = {
			isa = PBXNativeTarget;
			buildConfigurationList = 580854D22CB9FA3D00669A66 /* Build configuration list for PBXNativeTarget "FnzcTests" */;
			buildPhases = (
				580854B72CB9FA3D00669A66 /* Sources */,
				580854B82CB9FA3D00669A66 /* Frameworks */,
				580854B92CB9FA3D00669A66 /* Resources */,
			);
			buildRules = (
			);
			dependencies = (
				580854BD2CB9FA3D00669A66 /* PBXTargetDependency */,
			);
			fileSystemSynchronizedGroups = (
				580854BE2CB9FA3D00669A66 /* FnzcTests */,
			);
			name = FnzcTests;
			packageProductDependencies = (
			);
			productName = FnzcTests;
			productReference = 580854BB2CB9FA3D00669A66 /* FnzcTests.xctest */;
			productType = "com.apple.product-type.bundle.unit-test";
		};
		580854C42CB9FA3D00669A66 /* FnzcUITests */ = {
			isa = PBXNativeTarget;
			buildConfigurationList = 580854D52CB9FA3D00669A66 /* Build configuration list for PBXNativeTarget "FnzcUITests" */;
			buildPhases = (
				580854C12CB9FA3D00669A66 /* Sources */,
				580854C22CB9FA3D00669A66 /* Frameworks */,
				580854C32CB9FA3D00669A66 /* Resources */,
			);
			buildRules = (
			);
			dependencies = (
				580854C72CB9FA3D00669A66 /* PBXTargetDependency */,
			);
			fileSystemSynchronizedGroups = (
				580854C82CB9FA3D00669A66 /* FnzcUITests */,
			);
			name = FnzcUITests;
			packageProductDependencies = (
			);
			productName = FnzcUITests;
			productReference = 580854C52CB9FA3D00669A66 /* FnzcUITests.xctest */;
			productType = "com.apple.product-type.bundle.ui-testing";
		};
/* End PBXNativeTarget section */

/* Begin PBXProject section */
		580854A32CB9FA3B00669A66 /* Project object */ = {
			isa = PBXProject;
			attributes = {
				BuildIndependentTargetsInParallel = 1;
				LastSwiftUpdateCheck = 1600;
				LastUpgradeCheck = 1600;
				TargetAttributes = {
					580854AA2CB9FA3B00669A66 = {
						CreatedOnToolsVersion = 16.0;
					};
					580854BA2CB9FA3D00669A66 = {
						CreatedOnToolsVersion = 16.0;
						TestTargetID = 580854AA2CB9FA3B00669A66;
					};
					580854C42CB9FA3D00669A66 = {
						CreatedOnToolsVersion = 16.0;
						TestTargetID = 580854AA2CB9FA3B00669A66;
					};
				};
			};
			buildConfigurationList = 580854A62CB9FA3B00669A66 /* Build configuration list for PBXProject "Fnzc" */;
			developmentRegion = en;
			hasScannedForEncodings = 0;
			knownRegions = (
				en,
				Base,
			);
			mainGroup = 580854A22CB9FA3B00669A66;
			minimizedProjectReferenceProxies = 1;
			packageReferences = (
				5808552B2CBA29C400669A66 /* XCRemoteSwiftPackageReference "firebase-ios-sdk" */,
				580855442CBA8B6900669A66 /* XCRemoteSwiftPackageReference "SDWebImageSwiftUI" */,
			);
			preferredProjectObjectVersion = 77;
			productRefGroup = 580854AC2CB9FA3B00669A66 /* Products */;
			projectDirPath = "";
			projectRoot = "";
			targets = (
				580854AA2CB9FA3B00669A66 /* Fnzc */,
				580854BA2CB9FA3D00669A66 /* FnzcTests */,
				580854C42CB9FA3D00669A66 /* FnzcUITests */,
			);
		};
/* End PBXProject section */

/* Begin PBXResourcesBuildPhase section */
		580854A92CB9FA3B00669A66 /* Resources */ = {
			isa = PBXResourcesBuildPhase;
			buildActionMask = 2147483647;
			files = (
			);
			runOnlyForDeploymentPostprocessing = 0;
		};
		580854B92CB9FA3D00669A66 /* Resources */ = {
			isa = PBXResourcesBuildPhase;
			buildActionMask = 2147483647;
			files = (
			);
			runOnlyForDeploymentPostprocessing = 0;
		};
		580854C32CB9FA3D00669A66 /* Resources */ = {
			isa = PBXResourcesBuildPhase;
			buildActionMask = 2147483647;
			files = (
			);
			runOnlyForDeploymentPostprocessing = 0;
		};
/* End PBXResourcesBuildPhase section */

/* Begin PBXSourcesBuildPhase section */
		580854A72CB9FA3B00669A66 /* Sources */ = {
			isa = PBXSourcesBuildPhase;
			buildActionMask = 2147483647;
			files = (
			);
			runOnlyForDeploymentPostprocessing = 0;
		};
		580854B72CB9FA3D00669A66 /* Sources */ = {
			isa = PBXSourcesBuildPhase;
			buildActionMask = 2147483647;
			files = (
			);
			runOnlyForDeploymentPostprocessing = 0;
		};
		580854C12CB9FA3D00669A66 /* Sources */ = {
			isa = PBXSourcesBuildPhase;
			buildActionMask = 2147483647;
			files = (
			);
			runOnlyForDeploymentPostprocessing = 0;
		};
/* End PBXSourcesBuildPhase section */

/* Begin PBXTargetDependency section */
		580854BD2CB9FA3D00669A66 /* PBXTargetDependency */ = {
			isa = PBXTargetDependency;
			target = 580854AA2CB9FA3B00669A66 /* Fnzc */;
			targetProxy = 580854BC2CB9FA3D00669A66 /* PBXContainerItemProxy */;
		};
		580854C72CB9FA3D00669A66 /* PBXTargetDependency */ = {
			isa = PBXTargetDependency;
			target = 580854AA2CB9FA3B00669A66 /* Fnzc */;
			targetProxy = 580854C62CB9FA3D00669A66 /* PBXContainerItemProxy */;
		};
/* End PBXTargetDependency section */

/* Begin XCBuildConfiguration section */
		580854CD2CB9FA3D00669A66 /* Debug */ = {
			isa = XCBuildConfiguration;
			buildSettings = {
				ALWAYS_SEARCH_USER_PATHS = NO;
				ASSETCATALOG_COMPILER_GENERATE_SWIFT_ASSET_SYMBOL_EXTENSIONS = YES;
				CLANG_ANALYZER_NONNULL = YES;
				CLANG_ANALYZER_NUMBER_OBJECT_CONVERSION = YES_AGGRESSIVE;
				CLANG_CXX_LANGUAGE_STANDARD = "gnu++20";
				CLANG_ENABLE_MODULES = YES;
				CLANG_ENABLE_OBJC_ARC = YES;
				CLANG_ENABLE_OBJC_WEAK = YES;
				CLANG_WARN_BLOCK_CAPTURE_AUTORELEASING = YES;
				CLANG_WARN_BOOL_CONVERSION = YES;
				CLANG_WARN_COMMA = YES;
				CLANG_WARN_CONSTANT_CONVERSION = YES;
				CLANG_WARN_DEPRECATED_OBJC_IMPLEMENTATIONS = YES;
				CLANG_WARN_DIRECT_OBJC_ISA_USAGE = YES_ERROR;
				CLANG_WARN_DOCUMENTATION_COMMENTS = YES;
				CLANG_WARN_EMPTY_BODY = YES;
				CLANG_WARN_ENUM_CONVERSION = YES;
				CLANG_WARN_INFINITE_RECURSION = YES;
				CLANG_WARN_INT_CONVERSION = YES;
				CLANG_WARN_NON_LITERAL_NULL_CONVERSION = YES;
				CLANG_WARN_OBJC_IMPLICIT_RETAIN_SELF = YES;
				CLANG_WARN_OBJC_LITERAL_CONVERSION = YES;
				CLANG_WARN_OBJC_ROOT_CLASS = YES_ERROR;
				CLANG_WARN_QUOTED_INCLUDE_IN_FRAMEWORK_HEADER = YES;
				CLANG_WARN_RANGE_LOOP_ANALYSIS = YES;
				CLANG_WARN_STRICT_PROTOTYPES = YES;
				CLANG_WARN_SUSPICIOUS_MOVE = YES;
				CLANG_WARN_UNGUARDED_AVAILABILITY = YES_AGGRESSIVE;
				CLANG_WARN_UNREACHABLE_CODE = YES;
				CLANG_WARN__DUPLICATE_METHOD_MATCH = YES;
				COPY_PHASE_STRIP = NO;
				DEBUG_INFORMATION_FORMAT = dwarf;
				ENABLE_STRICT_OBJC_MSGSEND = YES;
				ENABLE_TESTABILITY = YES;
				ENABLE_USER_SCRIPT_SANDBOXING = YES;
				GCC_C_LANGUAGE_STANDARD = gnu17;
				GCC_DYNAMIC_NO_PIC = NO;
				GCC_NO_COMMON_BLOCKS = YES;
				GCC_OPTIMIZATION_LEVEL = 0;
				GCC_PREPROCESSOR_DEFINITIONS = (
					"DEBUG=1",
					"$(inherited)",
				);
				GCC_WARN_64_TO_32_BIT_CONVERSION = YES;
				GCC_WARN_ABOUT_RETURN_TYPE = YES_ERROR;
				GCC_WARN_UNDECLARED_SELECTOR = YES;
				GCC_WARN_UNINITIALIZED_AUTOS = YES_AGGRESSIVE;
				GCC_WARN_UNUSED_FUNCTION = YES;
				GCC_WARN_UNUSED_VARIABLE = YES;
				IPHONEOS_DEPLOYMENT_TARGET = 18.0;
				LOCALIZATION_PREFERS_STRING_CATALOGS = YES;
				MTL_ENABLE_DEBUG_INFO = INCLUDE_SOURCE;
				MTL_FAST_MATH = YES;
				ONLY_ACTIVE_ARCH = YES;
				SDKROOT = iphoneos;
				SWIFT_ACTIVE_COMPILATION_CONDITIONS = "DEBUG $(inherited)";
				SWIFT_OPTIMIZATION_LEVEL = "-Onone";
			};
			name = Debug;
		};
		580854CE2CB9FA3D00669A66 /* Release */ = {
			isa = XCBuildConfiguration;
			buildSettings = {
				ALWAYS_SEARCH_USER_PATHS = NO;
				ASSETCATALOG_COMPILER_GENERATE_SWIFT_ASSET_SYMBOL_EXTENSIONS = YES;
				CLANG_ANALYZER_NONNULL = YES;
				CLANG_ANALYZER_NUMBER_OBJECT_CONVERSION = YES_AGGRESSIVE;
				CLANG_CXX_LANGUAGE_STANDARD = "gnu++20";
				CLANG_ENABLE_MODULES = YES;
				CLANG_ENABLE_OBJC_ARC = YES;
				CLANG_ENABLE_OBJC_WEAK = YES;
				CLANG_WARN_BLOCK_CAPTURE_AUTORELEASING = YES;
				CLANG_WARN_BOOL_CONVERSION = YES;
				CLANG_WARN_COMMA = YES;
				CLANG_WARN_CONSTANT_CONVERSION = YES;
				CLANG_WARN_DEPRECATED_OBJC_IMPLEMENTATIONS = YES;
				CLANG_WARN_DIRECT_OBJC_ISA_USAGE = YES_ERROR;
				CLANG_WARN_DOCUMENTATION_COMMENTS = YES;
				CLANG_WARN_EMPTY_BODY = YES;
				CLANG_WARN_ENUM_CONVERSION = YES;
				CLANG_WARN_INFINITE_RECURSION = YES;
				CLANG_WARN_INT_CONVERSION = YES;
				CLANG_WARN_NON_LITERAL_NULL_CONVERSION = YES;
				CLANG_WARN_OBJC_IMPLICIT_RETAIN_SELF = YES;
				CLANG_WARN_OBJC_LITERAL_CONVERSION = YES;
				CLANG_WARN_OBJC_ROOT_CLASS = YES_ERROR;
				CLANG_WARN_QUOTED_INCLUDE_IN_FRAMEWORK_HEADER = YES;
				CLANG_WARN_RANGE_LOOP_ANALYSIS = YES;
				CLANG_WARN_STRICT_PROTOTYPES = YES;
				CLANG_WARN_SUSPICIOUS_MOVE = YES;
				CLANG_WARN_UNGUARDED_AVAILABILITY = YES_AGGRESSIVE;
				CLANG_WARN_UNREACHABLE_CODE = YES;
				CLANG_WARN__DUPLICATE_METHOD_MATCH = YES;
				COPY_PHASE_STRIP = NO;
				DEBUG_INFORMATION_FORMAT = "dwarf-with-dsym";
				ENABLE_NS_ASSERTIONS = NO;
				ENABLE_STRICT_OBJC_MSGSEND = YES;
				ENABLE_USER_SCRIPT_SANDBOXING = YES;
				GCC_C_LANGUAGE_STANDARD = gnu17;
				GCC_NO_COMMON_BLOCKS = YES;
				GCC_WARN_64_TO_32_BIT_CONVERSION = YES;
				GCC_WARN_ABOUT_RETURN_TYPE = YES_ERROR;
				GCC_WARN_UNDECLARED_SELECTOR = YES;
				GCC_WARN_UNINITIALIZED_AUTOS = YES_AGGRESSIVE;
				GCC_WARN_UNUSED_FUNCTION = YES;
				GCC_WARN_UNUSED_VARIABLE = YES;
				IPHONEOS_DEPLOYMENT_TARGET = 18.0;
				LOCALIZATION_PREFERS_STRING_CATALOGS = YES;
				MTL_ENABLE_DEBUG_INFO = NO;
				MTL_FAST_MATH = YES;
				SDKROOT = iphoneos;
				SWIFT_COMPILATION_MODE = wholemodule;
				VALIDATE_PRODUCT = YES;
			};
			name = Release;
		};
		580854D02CB9FA3D00669A66 /* Debug */ = {
			isa = XCBuildConfiguration;
			buildSettings = {
				ASSETCATALOG_COMPILER_APPICON_NAME = AppIcon;
				ASSETCATALOG_COMPILER_GLOBAL_ACCENT_COLOR_NAME = AccentColor;
				CODE_SIGN_STYLE = Automatic;
				CURRENT_PROJECT_VERSION = 1;
				DEVELOPMENT_ASSET_PATHS = "\"Fnzc/Preview Content\"";
				ENABLE_PREVIEWS = YES;
				GENERATE_INFOPLIST_FILE = YES;
				INFOPLIST_KEY_UIApplicationSceneManifest_Generation = YES;
				INFOPLIST_KEY_UIApplicationSupportsIndirectInputEvents = YES;
				INFOPLIST_KEY_UILaunchScreen_Generation = YES;
				INFOPLIST_KEY_UISupportedInterfaceOrientations_iPad = "UIInterfaceOrientationPortrait UIInterfaceOrientationPortraitUpsideDown UIInterfaceOrientationLandscapeLeft UIInterfaceOrientationLandscapeRight";
				INFOPLIST_KEY_UISupportedInterfaceOrientations_iPhone = "UIInterfaceOrientationPortrait UIInterfaceOrientationLandscapeLeft UIInterfaceOrientationLandscapeRight";
				LD_RUNPATH_SEARCH_PATHS = (
					"$(inherited)",
					"@executable_path/Frameworks",
				);
				MARKETING_VERSION = 1.0;
				PRODUCT_BUNDLE_IDENTIFIER = groundplay.Fnzc;
				PRODUCT_NAME = "$(TARGET_NAME)";
				SWIFT_EMIT_LOC_STRINGS = YES;
				SWIFT_VERSION = 5.0;
				TARGETED_DEVICE_FAMILY = "1,2";
			};
			name = Debug;
		};
		580854D12CB9FA3D00669A66 /* Release */ = {
			isa = XCBuildConfiguration;
			buildSettings = {
				ASSETCATALOG_COMPILER_APPICON_NAME = AppIcon;
				ASSETCATALOG_COMPILER_GLOBAL_ACCENT_COLOR_NAME = AccentColor;
				CODE_SIGN_STYLE = Automatic;
				CURRENT_PROJECT_VERSION = 1;
				DEVELOPMENT_ASSET_PATHS = "\"Fnzc/Preview Content\"";
				ENABLE_PREVIEWS = YES;
				GENERATE_INFOPLIST_FILE = YES;
				INFOPLIST_KEY_UIApplicationSceneManifest_Generation = YES;
				INFOPLIST_KEY_UIApplicationSupportsIndirectInputEvents = YES;
				INFOPLIST_KEY_UILaunchScreen_Generation = YES;
				INFOPLIST_KEY_UISupportedInterfaceOrientations_iPad = "UIInterfaceOrientationPortrait UIInterfaceOrientationPortraitUpsideDown UIInterfaceOrientationLandscapeLeft UIInterfaceOrientationLandscapeRight";
				INFOPLIST_KEY_UISupportedInterfaceOrientations_iPhone = "UIInterfaceOrientationPortrait UIInterfaceOrientationLandscapeLeft UIInterfaceOrientationLandscapeRight";
				LD_RUNPATH_SEARCH_PATHS = (
					"$(inherited)",
					"@executable_path/Frameworks",
				);
				MARKETING_VERSION = 1.0;
				PRODUCT_BUNDLE_IDENTIFIER = groundplay.Fnzc;
				PRODUCT_NAME = "$(TARGET_NAME)";
				SWIFT_EMIT_LOC_STRINGS = YES;
				SWIFT_VERSION = 5.0;
				TARGETED_DEVICE_FAMILY = "1,2";
			};
			name = Release;
		};
		580854D32CB9FA3D00669A66 /* Debug */ = {
			isa = XCBuildConfiguration;
			buildSettings = {
				BUNDLE_LOADER = "$(TEST_HOST)";
				CODE_SIGN_STYLE = Automatic;
				CURRENT_PROJECT_VERSION = 1;
				GENERATE_INFOPLIST_FILE = YES;
				IPHONEOS_DEPLOYMENT_TARGET = 18.0;
				MARKETING_VERSION = 1.0;
				PRODUCT_BUNDLE_IDENTIFIER = groundplay.FnzcTests;
				PRODUCT_NAME = "$(TARGET_NAME)";
				SWIFT_EMIT_LOC_STRINGS = NO;
				SWIFT_VERSION = 5.0;
				TARGETED_DEVICE_FAMILY = "1,2";
				TEST_HOST = "$(BUILT_PRODUCTS_DIR)/Fnzc.app/$(BUNDLE_EXECUTABLE_FOLDER_PATH)/Fnzc";
			};
			name = Debug;
		};
		580854D42CB9FA3D00669A66 /* Release */ = {
			isa = XCBuildConfiguration;
			buildSettings = {
				BUNDLE_LOADER = "$(TEST_HOST)";
				CODE_SIGN_STYLE = Automatic;
				CURRENT_PROJECT_VERSION = 1;
				GENERATE_INFOPLIST_FILE = YES;
				IPHONEOS_DEPLOYMENT_TARGET = 18.0;
				MARKETING_VERSION = 1.0;
				PRODUCT_BUNDLE_IDENTIFIER = groundplay.FnzcTests;
				PRODUCT_NAME = "$(TARGET_NAME)";
				SWIFT_EMIT_LOC_STRINGS = NO;
				SWIFT_VERSION = 5.0;
				TARGETED_DEVICE_FAMILY = "1,2";
				TEST_HOST = "$(BUILT_PRODUCTS_DIR)/Fnzc.app/$(BUNDLE_EXECUTABLE_FOLDER_PATH)/Fnzc";
			};
			name = Release;
		};
		580854D62CB9FA3D00669A66 /* Debug */ = {
			isa = XCBuildConfiguration;
			buildSettings = {
				CODE_SIGN_STYLE = Automatic;
				CURRENT_PROJECT_VERSION = 1;
				GENERATE_INFOPLIST_FILE = YES;
				MARKETING_VERSION = 1.0;
				PRODUCT_BUNDLE_IDENTIFIER = groundplay.FnzcUITests;
				PRODUCT_NAME = "$(TARGET_NAME)";
				SWIFT_EMIT_LOC_STRINGS = NO;
				SWIFT_VERSION = 5.0;
				TARGETED_DEVICE_FAMILY = "1,2";
				TEST_TARGET_NAME = Fnzc;
			};
			name = Debug;
		};
		580854D72CB9FA3D00669A66 /* Release */ = {
			isa = XCBuildConfiguration;
			buildSettings = {
				CODE_SIGN_STYLE = Automatic;
				CURRENT_PROJECT_VERSION = 1;
				GENERATE_INFOPLIST_FILE = YES;
				MARKETING_VERSION = 1.0;
				PRODUCT_BUNDLE_IDENTIFIER = groundplay.FnzcUITests;
				PRODUCT_NAME = "$(TARGET_NAME)";
				SWIFT_EMIT_LOC_STRINGS = NO;
				SWIFT_VERSION = 5.0;
				TARGETED_DEVICE_FAMILY = "1,2";
				TEST_TARGET_NAME = Fnzc;
			};
			name = Release;
		};
/* End XCBuildConfiguration section */

/* Begin XCConfigurationList section */
		580854A62CB9FA3B00669A66 /* Build configuration list for PBXProject "Fnzc" */ = {
			isa = XCConfigurationList;
			buildConfigurations = (
				580854CD2CB9FA3D00669A66 /* Debug */,
				580854CE2CB9FA3D00669A66 /* Release */,
			);
			defaultConfigurationIsVisible = 0;
			defaultConfigurationName = Release;
		};
		580854CF2CB9FA3D00669A66 /* Build configuration list for PBXNativeTarget "Fnzc" */ = {
			isa = XCConfigurationList;
			buildConfigurations = (
				580854D02CB9FA3D00669A66 /* Debug */,
				580854D12CB9FA3D00669A66 /* Release */,
			);
			defaultConfigurationIsVisible = 0;
			defaultConfigurationName = Release;
		};
		580854D22CB9FA3D00669A66 /* Build configuration list for PBXNativeTarget "FnzcTests" */ = {
			isa = XCConfigurationList;
			buildConfigurations = (
				580854D32CB9FA3D00669A66 /* Debug */,
				580854D42CB9FA3D00669A66 /* Release */,
			);
			defaultConfigurationIsVisible = 0;
			defaultConfigurationName = Release;
		};
		580854D52CB9FA3D00669A66 /* Build configuration list for PBXNativeTarget "FnzcUITests" */ = {
			isa = XCConfigurationList;
			buildConfigurations = (
				580854D62CB9FA3D00669A66 /* Debug */,
				580854D72CB9FA3D00669A66 /* Release */,
			);
			defaultConfigurationIsVisible = 0;
			defaultConfigurationName = Release;
		};
/* End XCConfigurationList section */

/* Begin XCRemoteSwiftPackageReference section */
		5808552B2CBA29C400669A66 /* XCRemoteSwiftPackageReference "firebase-ios-sdk" */ = {
			isa = XCRemoteSwiftPackageReference;
			repositoryURL = "https://github.com/firebase/firebase-ios-sdk.git";
			requirement = {
				kind = upToNextMajorVersion;
				minimumVersion = 11.3.0;
			};
		};
		580855442CBA8B6900669A66 /* XCRemoteSwiftPackageReference "SDWebImageSwiftUI" */ = {
			isa = XCRemoteSwiftPackageReference;
			repositoryURL = "https://github.com/SDWebImage/SDWebImageSwiftUI.git";
			requirement = {
				kind = upToNextMajorVersion;
				minimumVersion = 3.1.2;
			};
		};
/* End XCRemoteSwiftPackageReference section */

/* Begin XCSwiftPackageProductDependency section */
		5808552D2CBA2AEE00669A66 /* FirebaseAuth */ = {
			isa = XCSwiftPackageProductDependency;
			package = 5808552B2CBA29C400669A66 /* XCRemoteSwiftPackageReference "firebase-ios-sdk" */;
			productName = FirebaseAuth;
		};
		5808552F2CBA2AF300669A66 /* FirebaseCore */ = {
			isa = XCSwiftPackageProductDependency;
			package = 5808552B2CBA29C400669A66 /* XCRemoteSwiftPackageReference "firebase-ios-sdk" */;
			productName = FirebaseCore;
		};
		580855312CBA2AFA00669A66 /* FirebaseFirestore */ = {
			isa = XCSwiftPackageProductDependency;
			package = 5808552B2CBA29C400669A66 /* XCRemoteSwiftPackageReference "firebase-ios-sdk" */;
			productName = FirebaseFirestore;
		};
		580855332CBA2B2900669A66 /* FirebaseAnalytics */ = {
			isa = XCSwiftPackageProductDependency;
			package = 5808552B2CBA29C400669A66 /* XCRemoteSwiftPackageReference "firebase-ios-sdk" */;
			productName = FirebaseAnalytics;
		};
		580855352CBA2B4900669A66 /* FirebaseDatabase */ = {
			isa = XCSwiftPackageProductDependency;
			package = 5808552B2CBA29C400669A66 /* XCRemoteSwiftPackageReference "firebase-ios-sdk" */;
			productName = FirebaseDatabase;
		};
		580855372CBA2B4900669A66 /* FirebaseDynamicLinks */ = {
			isa = XCSwiftPackageProductDependency;
			package = 5808552B2CBA29C400669A66 /* XCRemoteSwiftPackageReference "firebase-ios-sdk" */;
			productName = FirebaseDynamicLinks;
		};
		580855452CBA8C0900669A66 /* SDWebImageSwiftUI */ = {
			isa = XCSwiftPackageProductDependency;
			package = 580855442CBA8B6900669A66 /* XCRemoteSwiftPackageReference "SDWebImageSwiftUI" */;
			productName = SDWebImageSwiftUI;
		};
		5868927A2CBA98BF009439F5 /* FirebaseMessaging */ = {
			isa = XCSwiftPackageProductDependency;
			package = 5808552B2CBA29C400669A66 /* XCRemoteSwiftPackageReference "firebase-ios-sdk" */;
			productName = FirebaseMessaging;
		};
		586892CE2CBB2EAB009439F5 /* FirebaseStorage */ = {
			isa = XCSwiftPackageProductDependency;
			package = 5808552B2CBA29C400669A66 /* XCRemoteSwiftPackageReference "firebase-ios-sdk" */;
			productName = FirebaseStorage;
		};
/* End XCSwiftPackageProductDependency section */
	};
	rootObject = 580854A32CB9FA3B00669A66 /* Project object */;
}
